
Microsoft Visual Studio Solution File, Format Version 12.00
# Visual Studio Version 17
VisualStudioVersion = 17.13.35825.156 d17.13
MinimumVisualStudioVersion = 10.0.40219.1
Project("{8BC9CEB8-8B4A-11D0-8D11-00A0C91BC942}") = "0331", "0331\0331.vcxproj", "{0EB908DC-BC0B-418F-9EE3-7D8A7D1E4E22}"
EndProject
Global
	GlobalSection(SolutionConfigurationPlatforms) = preSolution
		Debug|x64 = Debug|x64
		Debug|x86 = Debug|x86
		Release|x64 = Release|x64
		Release|x86 = Release|x86
	EndGlobalSection
	GlobalSection(ProjectConfigurationPlatforms) = postSolution
		{0EB908DC-BC0B-418F-9EE3-7D8A7D1E4E22}.Debug|x64.ActiveCfg = Debug|x64
		{0EB908DC-BC0B-418F-9EE3-7D8A7D1E4E22}.Debug|x64.Build.0 = Debug|x64
		{0EB908DC-BC0B-418F-9EE3-7D8A7D1E4E22}.Debug|x86.ActiveCfg = Debug|Win32
		{0EB908DC-BC0B-418F-9EE3-7D8A7D1E4E22}.Debug|x86.Build.0 = Debug|Win32
		{0EB908DC-BC0B-418F-9EE3-7D8A7D1E4E22}.Release|x64.ActiveCfg = Release|x64
		{0EB908DC-BC0B-418F-9EE3-7D8A7D1E4E22}.Release|x64.Build.0 = Release|x64
		{0EB908DC-BC0B-418F-9EE3-7D8A7D1E4E22}.Release|x86.ActiveCfg = Release|Win32
		{0EB908DC-BC0B-418F-9EE3-7D8A7D1E4E22}.Release|x86.Build.0 = Release|Win32
	EndGlobalSection
	GlobalSection(SolutionProperties) = preSolution
		HideSolutionNode = FALSE
	EndGlobalSection
	GlobalSection(ExtensibilityGlobals) = postSolution
		SolutionGuid = {7F0A8A42-E876-4BFC-86C6-EDD2ED3289AE}
	EndGlobalSection
EndGlobal
